
Microsoft Visual Studio Solution File, Format Version 12.00
# Visual Studio Version 17
VisualStudioVersion = 17.5.002.0
MinimumVisualStudioVersion = 10.0.40219.1
Project("{9A19103F-16F7-4668-BE54-9A1E7A4F7556}") = "coffeeshop", "coffeeshop.csproj", "{3CC68AC6-EC11-4FB3-B617-A2B0B5ADF756}"
EndProject
Global
	GlobalSection(SolutionConfigurationPlatforms) = preSolution
		Debug|Any CPU = Debug|Any CPU
		Release|Any CPU = Release|Any CPU
	EndGlobalSection
	GlobalSection(ProjectConfigurationPlatforms) = postSolution
		{3CC68AC6-EC11-4FB3-B617-A2B0B5ADF756}.Debug|Any CPU.ActiveCfg = Debug|Any CPU
		{3CC68AC6-EC11-4FB3-B617-A2B0B5ADF756}.Debug|Any CPU.Build.0 = Debug|Any CPU
		{3CC68AC6-EC11-4FB3-B617-A2B0B5ADF756}.Release|Any CPU.ActiveCfg = Release|Any CPU
		{3CC68AC6-EC11-4FB3-B617-A2B0B5ADF756}.Release|Any CPU.Build.0 = Release|Any CPU
	EndGlobalSection
	GlobalSection(SolutionProperties) = preSolution
		HideSolutionNode = FALSE
	EndGlobalSection
	GlobalSection(ExtensibilityGlobals) = postSolution
		SolutionGuid = {65017C24-3D6D-48B3-8567-A887C8D0CBFC}
	EndGlobalSection
EndGlobal
